Microsoft Visual Studio Solution File, Format Version 12.00
# Visual Studio Version 17
VisualStudioVersion = 17.5.2.0
MinimumVisualStudioVersion = 10.0.40219.1
Project("{FAE04EC0-301F-11D3-BF4B-00C04F79EFBC}") = "Caixaverso.Backend.Tests", "Caixaverso.Backend.Tests.csproj", "{A481E024-A044-CC68-C163-D13AF8CE5F91}"
EndProject
Global
	GlobalSection(SolutionConfigurationPlatforms) = preSolution
		Debug|Any CPU = Debug|Any CPU
		Release|Any CPU = Release|Any CPU
	EndGlobalSection
	GlobalSection(ProjectConfigurationPlatforms) = postSolution
		{A481E024-A044-CC68-C163-D13AF8CE5F91}.Debug|Any CPU.ActiveCfg = Debug|Any CPU
		{A481E024-A044-CC68-C163-D13AF8CE5F91}.Debug|Any CPU.Build.0 = Debug|Any CPU
		{A481E024-A044-CC68-C163-D13AF8CE5F91}.Release|Any CPU.ActiveCfg = Release|Any CPU
		{A481E024-A044-CC68-C163-D13AF8CE5F91}.Release|Any CPU.Build.0 = Release|Any CPU
	EndGlobalSection
	GlobalSection(SolutionProperties) = preSolution
		HideSolutionNode = FALSE
	EndGlobalSection
	GlobalSection(ExtensibilityGlobals) = postSolution
		SolutionGuid = {12206DDB-7609-4C32-90CD-E2D49529B50D}
	EndGlobalSection
EndGlobal
